
Microsoft Visual Studio Solution File, Format Version 12.00
# Visual Studio Version 17
VisualStudioVersion = 17.13.35806.99 d17.13
MinimumVisualStudioVersion = 10.0.40219.1
Project("{FAE04EC0-301F-11D3-BF4B-00C04F79EFBC}") = "REG_MARK_LIB", "REG_MARK_LIB\REG_MARK_LIB.csproj", "{559043E3-471B-4DE1-B0CF-12A074BA0F92}"
EndProject
Project("{FAE04EC0-301F-11D3-BF4B-00C04F79EFBC}") = "UnitTesting", "UnitTesting\UnitTesting.csproj", "{3DC093CB-78C5-45BB-854A-91E9F9BC360B}"
EndProject
Global
	GlobalSection(SolutionConfigurationPlatforms) = preSolution
		Debug|Any CPU = Debug|Any CPU
		Release|Any CPU = Release|Any CPU
	EndGlobalSection
	GlobalSection(ProjectConfigurationPlatforms) = postSolution
		{559043E3-471B-4DE1-B0CF-12A074BA0F92}.Debug|Any CPU.ActiveCfg = Debug|Any CPU
		{559043E3-471B-4DE1-B0CF-12A074BA0F92}.Debug|Any CPU.Build.0 = Debug|Any CPU
		{559043E3-471B-4DE1-B0CF-12A074BA0F92}.Release|Any CPU.ActiveCfg = Release|Any CPU
		{559043E3-471B-4DE1-B0CF-12A074BA0F92}.Release|Any CPU.Build.0 = Release|Any CPU
		{3DC093CB-78C5-45BB-854A-91E9F9BC360B}.Debug|Any CPU.ActiveCfg = Debug|Any CPU
		{3DC093CB-78C5-45BB-854A-91E9F9BC360B}.Debug|Any CPU.Build.0 = Debug|Any CPU
		{3DC093CB-78C5-45BB-854A-91E9F9BC360B}.Release|Any CPU.ActiveCfg = Release|Any CPU
		{3DC093CB-78C5-45BB-854A-91E9F9BC360B}.Release|Any CPU.Build.0 = Release|Any CPU
	EndGlobalSection
	GlobalSection(SolutionProperties) = preSolution
		HideSolutionNode = FALSE
	EndGlobalSection
	GlobalSection(ExtensibilityGlobals) = postSolution
		SolutionGuid = {2A2F104C-7A5C-434E-9B22-B85E64E5A50E}
	EndGlobalSection
EndGlobal
